// !$*UTF8*$!
{
	archiveVersion = 1;
	classes = {
	};
	objectVersion = 56;
	objects = {

/* Begin PBXBuildFile section */
		044EB60F29D2AF6800B13C09 /* AppDelegate.swift in Sources */ = {isa = PBXBuildFile; fileRef = 044EB60E29D2AF6800B13C09 /* AppDelegate.swift */; };
		044EB61129D2AF6800B13C09 /* SceneDelegate.swift in Sources */ = {isa = PBXBuildFile; fileRef = 044EB61029D2AF6800B13C09 /* SceneDelegate.swift */; };
		044EB61329D2AF6800B13C09 /* ViewController.swift in Sources */ = {isa = PBXBuildFile; fileRef = 044EB61229D2AF6800B13C09 /* ViewController.swift */; };
		044EB61629D2AF6800B13C09 /* Main.storyboard in Resources */ = {isa = PBXBuildFile; fileRef = 044EB61429D2AF6800B13C09 /* Main.storyboard */; };
		044EB61829D2AF7000B13C09 /* Assets.xcassets in Resources */ = {isa = PBXBuildFile; fileRef = 044EB61729D2AF7000B13C09 /* Assets.xcassets */; };
		044EB61B29D2AF7000B13C09 /* LaunchScreen.storyboard in Resources */ = {isa = PBXBuildFile; fileRef = 044EB61929D2AF7000B13C09 /* LaunchScreen.storyboard */; };
		044EB62629D2AF7100B13C09 /* localNotificationDemoTests.swift in Sources */ = {isa = PBXBuildFile; fileRef = 044EB62529D2AF7100B13C09 /* localNotificationDemoTests.swift */; };
		044EB63029D2AF7100B13C09 /* localNotificationDemoUITests.swift in Sources */ = {isa = PBXBuildFile; fileRef = 044EB62F29D2AF7100B13C09 /* localNotificationDemoUITests.swift */; };
		044EB63229D2AF7100B13C09 /* localNotificationDemoUITestsLaunchTests.swift in Sources */ = {isa = PBXBuildFile; fileRef = 044EB63129D2AF7100B13C09 /* localNotificationDemoUITestsLaunchTests.swift */; };
/* End PBXBuildFile section */

/* Begin PBXContainerItemProxy section */
		044EB62229D2AF7100B13C09 /* PBXContainerItemProxy */ = {
			isa = PBXContainerItemProxy;
			containerPortal = 044EB60329D2AF6800B13C09 /* Project object */;
			proxyType = 1;
			remoteGlobalIDString = 044EB60A29D2AF6800B13C09;
			remoteInfo = localNotificationDemo;
		};
		044EB62C29D2AF7100B13C09 /* PBXContainerItemProxy */ = {
			isa = PBXContainerItemProxy;
			containerPortal = 044EB60329D2AF6800B13C09 /* Project object */;
			proxyType = 1;
			remoteGlobalIDString = 044EB60A29D2AF6800B13C09;
			remoteInfo = localNotificationDemo;
		};
/* End PBXContainerItemProxy section */

/* Begin PBXFileReference section */
		044EB60B29D2AF6800B13C09 /* localNotificationDemo.app */ = {isa = PBXFileReference; explicitFileType = wrapper.application; includeInIndex = 0; path = localNotificationDemo.app; sourceTree = BUILT_PRODUCTS_DIR; };
		044EB60E29D2AF6800B13C09 /* AppDelegate.swift */ = {isa = PBXFileReference; lastKnownFileType = sourcecode.swift; path = AppDelegate.swift; sourceTree = "<group>"; };
		044EB61029D2AF6800B13C09 /* SceneDelegate.swift */ = {isa = PBXFileReference; lastKnownFileType = sourcecode.swift; path = SceneDelegate.swift; sourceTree = "<group>"; };
		044EB61229D2AF6800B13C09 /* ViewController.swift */ = {isa = PBXFileReference; lastKnownFileType = sourcecode.swift; path = ViewController.swift; sourceTree = "<group>"; };
		044EB61529D2AF6800B13C09 /* Base */ = {isa = PBXFileReference; lastKnownFileType = file.storyboard; name = Base; path = Base.lproj/Main.storyboard; sourceTree = "<group>"; };
		044EB61729D2AF7000B13C09 /* Assets.xcassets */ = {isa = PBXFileReference; lastKnownFileType = folder.assetcatalog; path = Assets.xcassets; sourceTree = "<group>"; };
		044EB61A29D2AF7000B13C09 /* Base */ = {isa = PBXFileReference; lastKnownFileType = file.storyboard; name = Base; path = Base.lproj/LaunchScreen.storyboard; sourceTree = "<group>"; };
		044EB61C29D2AF7000B13C09 /* Info.plist */ = {isa = PBXFileReference; lastKnownFileType = text.plist.xml; path = Info.plist; sourceTree = "<group>"; };
		044EB62129D2AF7100B13C09 /* localNotificationDemoTests.xctest */ = {isa = PBXFileReference; explicitFileType = wrapper.cfbundle; includeInIndex = 0; path = localNotificationDemoTests.xctest; sourceTree = BUILT_PRODUCTS_DIR; };
		044EB62529D2AF7100B13C09 /* localNotificationDemoTests.swift */ = {isa = PBXFileReference; lastKnownFileType = sourcecode.swift; path = localNotificationDemoTests.swift; sourceTree = "<group>"; };
		044EB62B29D2AF7100B13C09 /* localNotificationDemoUITests.xctest */ = {isa = PBXFileReference; explicitFileType = wrapper.cfbundle; includeInIndex = 0; path = localNotificationDemoUITests.xctest; sourceTree = BUILT_PRODUCTS_DIR; };
		044EB62F29D2AF7100B13C09 /* localNotificationDemoUITests.swift */ = {isa = PBXFileReference; lastKnownFileType = sourcecode.swift; path = localNotificationDemoUITests.swift; sourceTree = "<group>"; };
		044EB63129D2AF7100B13C09 /* localNotificationDemoUITestsLaunchTests.swift */ = {isa = PBXFileReference; lastKnownFileType = sourcecode.swift; path = localNotificationDemoUITestsLaunchTests.swift; sourceTree = "<group>"; };
/* End PBXFileReference section */

/* Begin PBXFrameworksBuildPhase section */
		044EB60829D2AF6800B13C09 /* Frameworks */ = {
			isa = PBXFrameworksBuildPhase;
			buildActionMask = 2147483647;
			files = (
			);
			runOnlyForDeploymentPostprocessing = 0;
		};
		044EB61E29D2AF7100B13C09 /* Frameworks */ = {
			isa = PBXFrameworksBuildPhase;
			buildActionMask = 2147483647;
			files = (
			);
			runOnlyForDeploymentPostprocessing = 0;
		};
		044EB62829D2AF7100B13C09 /* Frameworks */ = {
			isa = PBXFrameworksBuildPhase;
			buildActionMask = 2147483647;
			files = (
			);
			runOnlyForDeploymentPostprocessing = 0;
		};
/* End PBXFrameworksBuildPhase section */

/* Begin PBXGroup section */
		044EB60229D2AF6800B13C09 = {
			isa = PBXGroup;
			children = (
				044EB60D29D2AF6800B13C09 /* localNotificationDemo */,
				044EB62429D2AF7100B13C09 /* localNotificationDemoTests */,
				044EB62E29D2AF7100B13C09 /* localNotificationDemoUITests */,
				044EB60C29D2AF6800B13C09 /* Products */,
			);
			sourceTree = "<group>";
		};
		044EB60C29D2AF6800B13C09 /* Products */ = {
			isa = PBXGroup;
			children = (
				044EB60B29D2AF6800B13C09 /* localNotificationDemo.app */,
				044EB62129D2AF7100B13C09 /* localNotificationDemoTests.xctest */,
				044EB62B29D2AF7100B13C09 /* localNotificationDemoUITests.xctest */,
			);
			name = Products;
			sourceTree = "<group>";
		};
		044EB60D29D2AF6800B13C09 /* localNotificationDemo */ = {
			isa = PBXGroup;
			children = (
				044EB60E29D2AF6800B13C09 /* AppDelegate.swift */,
				044EB61029D2AF6800B13C09 /* SceneDelegate.swift */,
				044EB61229D2AF6800B13C09 /* ViewController.swift */,
				044EB61429D2AF6800B13C09 /* Main.storyboard */,
				044EB61729D2AF7000B13C09 /* Assets.xcassets */,
				044EB61929D2AF7000B13C09 /* LaunchScreen.storyboard */,
				044EB61C29D2AF7000B13C09 /* Info.plist */,
			);
			path = localNotificationDemo;
			sourceTree = "<group>";
		};
		044EB62429D2AF7100B13C09 /* localNotificationDemoTests */ = {
			isa = PBXGroup;
			children = (
				044EB62529D2AF7100B13C09 /* localNotificationDemoTests.swift */,
			);
			path = localNotificationDemoTests;
			sourceTree = "<group>";
		};
		044EB62E29D2AF7100B13C09 /* localNotificationDemoUITests */ = {
			isa = PBXGroup;
			children = (
				044EB62F29D2AF7100B13C09 /* localNotificationDemoUITests.swift */,
				044EB63129D2AF7100B13C09 /* localNotificationDemoUITestsLaunchTests.swift */,
			);
			path = localNotificationDemoUITests;
			sourceTree = "<group>";
		};
/* End PBXGroup section */

/* Begin PBXNativeTarget section */
		044EB60A29D2AF6800B13C09 /* localNotificationDemo */ = {
			isa = PBXNativeTarget;
			buildConfigurationList = 044EB63529D2AF7100B13C09 /* Build configuration list for PBXNativeTarget "localNotificationDemo" */;
			buildPhases = (
				044EB60729D2AF6800B13C09 /* Sources */,
				044EB60829D2AF6800B13C09 /* Frameworks */,
				044EB60929D2AF6800B13C09 /* Resources */,
			);
			buildRules = (
			);
			dependencies = (
			);
			name = localNotificationDemo;
			productName = localNotificationDemo;
			productReference = 044EB60B29D2AF6800B13C09 /* localNotificationDemo.app */;
			productType = "com.apple.product-type.application";
		};
		044EB62029D2AF7100B13C09 /* localNotificationDemoTests */ = {
			isa = PBXNativeTarget;
			buildConfigurationList = 044EB63829D2AF7100B13C09 /* Build configuration list for PBXNativeTarget "localNotificationDemoTests" */;
			buildPhases = (
				044EB61D29D2AF7100B13C09 /* Sources */,
				044EB61E29D2AF7100B13C09 /* Frameworks */,
				044EB61F29D2AF7100B13C09 /* Resources */,
			);
			buildRules = (
			);
			dependencies = (
				044EB62329D2AF7100B13C09 /* PBXTargetDependency */,
			);
			name = localNotificationDemoTests;
			productName = localNotificationDemoTests;
			productReference = 044EB62129D2AF7100B13C09 /* localNotificationDemoTests.xctest */;
			productType = "com.apple.product-type.bundle.unit-test";
		};
		044EB62A29D2AF7100B13C09 /* localNotificationDemoUITests */ = {
			isa = PBXNativeTarget;
			buildConfigurationList = 044EB63B29D2AF7100B13C09 /* Build configuration list for PBXNativeTarget "localNotificationDemoUITests" */;
			buildPhases = (
				044EB62729D2AF7100B13C09 /* Sources */,
				044EB62829D2AF7100B13C09 /* Frameworks */,
				044EB62929D2AF7100B13C09 /* Resources */,
			);
			buildRules = (
			);
			dependencies = (
				044EB62D29D2AF7100B13C09 /* PBXTargetDependency */,
			);
			name = localNotificationDemoUITests;
			productName = localNotificationDemoUITests;
			productReference = 044EB62B29D2AF7100B13C09 /* localNotificationDemoUITests.xctest */;
			productType = "com.apple.product-type.bundle.ui-testing";
		};
/* End PBXNativeTarget section */

/* Begin PBXProject section */
		044EB60329D2AF6800B13C09 /* Project object */ = {
			isa = PBXProject;
			attributes = {
				BuildIndependentTargetsInParallel = 1;
				LastSwiftUpdateCheck = 1420;
				LastUpgradeCheck = 1420;
				TargetAttributes = {
					044EB60A29D2AF6800B13C09 = {
						CreatedOnToolsVersion = 14.2;
					};
					044EB62029D2AF7100B13C09 = {
						CreatedOnToolsVersion = 14.2;
						TestTargetID = 044EB60A29D2AF6800B13C09;
					};
					044EB62A29D2AF7100B13C09 = {
						CreatedOnToolsVersion = 14.2;
						TestTargetID = 044EB60A29D2AF6800B13C09;
					};
				};
			};
			buildConfigurationList = 044EB60629D2AF6800B13C09 /* Build configuration list for PBXProject "localNotificationDemo" */;
			compatibilityVersion = "Xcode 14.0";
			developmentRegion = en;
			hasScannedForEncodings = 0;
			knownRegions = (
				en,
				Base,
			);
			mainGroup = 044EB60229D2AF6800B13C09;
			productRefGroup = 044EB60C29D2AF6800B13C09 /* Products */;
			projectDirPath = "";
			projectRoot = "";
			targets = (
				044EB60A29D2AF6800B13C09 /* localNotificationDemo */,
				044EB62029D2AF7100B13C09 /* localNotificationDemoTests */,
				044EB62A29D2AF7100B13C09 /* localNotificationDemoUITests */,
			);
		};
/* End PBXProject section */

/* Begin PBXResourcesBuildPhase section */
		044EB60929D2AF6800B13C09 /* Resources */ = {
			isa = PBXResourcesBuildPhase;
			buildActionMask = 2147483647;
			files = (
				044EB61B29D2AF7000B13C09 /* LaunchScreen.storyboard in Resources */,
				044EB61829D2AF7000B13C09 /* Assets.xcassets in Resources */,
				044EB61629D2AF6800B13C09 /* Main.storyboard in Resources */,
			);
			runOnlyForDeploymentPostprocessing = 0;
		};
		044EB61F29D2AF7100B13C09 /* Resources */ = {
			isa = PBXResourcesBuildPhase;
			buildActionMask = 2147483647;
			files = (
			);
			runOnlyForDeploymentPostprocessing = 0;
		};
		044EB62929D2AF7100B13C09 /* Resources */ = {
			isa = PBXResourcesBuildPhase;
			buildActionMask = 2147483647;
			files = (
			);
			runOnlyForDeploymentPostprocessing = 0;
		};
/* End PBXResourcesBuildPhase section */

/* Begin PBXSourcesBuildPhase section */
		044EB60729D2AF6800B13C09 /* Sources */ = {
			isa = PBXSourcesBuildPhase;
			buildActionMask = 2147483647;
			files = (
				044EB61329D2AF6800B13C09 /* ViewController.swift in Sources */,
				044EB60F29D2AF6800B13C09 /* AppDelegate.swift in Sources */,
				044EB61129D2AF6800B13C09 /* SceneDelegate.swift in Sources */,
			);
			runOnlyForDeploymentPostprocessing = 0;
		};
		044EB61D29D2AF7100B13C09 /* Sources */ = {
			isa = PBXSourcesBuildPhase;
			buildActionMask = 2147483647;
			files = (
				044EB62629D2AF7100B13C09 /* localNotificationDemoTests.swift in Sources */,
			);
			runOnlyForDeploymentPostprocessing = 0;
		};
		044EB62729D2AF7100B13C09 /* Sources */ = {
			isa = PBXSourcesBuildPhase;
			buildActionMask = 2147483647;
			files = (
				044EB63229D2AF7100B13C09 /* localNotificationDemoUITestsLaunchTests.swift in Sources */,
				044EB63029D2AF7100B13C09 /* localNotificationDemoUITests.swift in Sources */,
			);
			runOnlyForDeploymentPostprocessing = 0;
		};
/* End PBXSourcesBuildPhase section */

/* Begin PBXTargetDependency section */
		044EB62329D2AF7100B13C09 /* PBXTargetDependency */ = {
			isa = PBXTargetDependency;
			target = 044EB60A29D2AF6800B13C09 /* localNotificationDemo */;
			targetProxy = 044EB62229D2AF7100B13C09 /* PBXContainerItemProxy */;
		};
		044EB62D29D2AF7100B13C09 /* PBXTargetDependency */ = {
			isa = PBXTargetDependency;
			target = 044EB60A29D2AF6800B13C09 /* localNotificationDemo */;
			targetProxy = 044EB62C29D2AF7100B13C09 /* PBXContainerItemProxy */;
		};
/* End PBXTargetDependency section */

/* Begin PBXVariantGroup section */
		044EB61429D2AF6800B13C09 /* Main.storyboard */ = {
			isa = PBXVariantGroup;
			children = (
				044EB61529D2AF6800B13C09 /* Base */,
			);
			name = Main.storyboard;
			sourceTree = "<group>";
		};
		044EB61929D2AF7000B13C09 /* LaunchScreen.storyboard */ = {
			isa = PBXVariantGroup;
			children = (
				044EB61A29D2AF7000B13C09 /* Base */,
			);
			name = LaunchScreen.storyboard;
			sourceTree = "<group>";
		};
/* End PBXVariantGroup section */

/* Begin XCBuildConfiguration section */
		044EB63329D2AF7100B13C09 /* Debug */ = {
			isa = XCBuildConfiguration;
			buildSettings = {
				ALWAYS_SEARCH_USER_PATHS = NO;
				CLANG_ANALYZER_NONNULL = YES;
				CLANG_ANALYZER_NUMBER_OBJECT_CONVERSION = YES_AGGRESSIVE;
				CLANG_CXX_LANGUAGE_STANDARD = "gnu++20";
				CLANG_ENABLE_MODULES = YES;
				CLANG_ENABLE_OBJC_ARC = YES;
				CLANG_ENABLE_OBJC_WEAK = YES;
				CLANG_WARN_BLOCK_CAPTURE_AUTORELEASING = YES;
				CLANG_WARN_BOOL_CONVERSION = YES;
				CLANG_WARN_COMMA = YES;
				CLANG_WARN_CONSTANT_CONVERSION = YES;
				CLANG_WARN_DEPRECATED_OBJC_IMPLEMENTATIONS = YES;
				CLANG_WARN_DIRECT_OBJC_ISA_USAGE = YES_ERROR;
				CLANG_WARN_DOCUMENTATION_COMMENTS = YES;
				CLANG_WARN_EMPTY_BODY = YES;
				CLANG_WARN_ENUM_CONVERSION = YES;
				CLANG_WARN_INFINITE_RECURSION = YES;
				CLANG_WARN_INT_CONVERSION = YES;
				CLANG_WARN_NON_LITERAL_NULL_CONVERSION = YES;
				CLANG_WARN_OBJC_IMPLICIT_RETAIN_SELF = YES;
				CLANG_WARN_OBJC_LITERAL_CONVERSION = YES;
				CLANG_WARN_OBJC_ROOT_CLASS = YES_ERROR;
				CLANG_WARN_QUOTED_INCLUDE_IN_FRAMEWORK_HEADER = YES;
				CLANG_WARN_RANGE_LOOP_ANALYSIS = YES;
				CLANG_WARN_STRICT_PROTOTYPES = YES;
				CLANG_WARN_SUSPICIOUS_MOVE = YES;
				CLANG_WARN_UNGUARDED_AVAILABILITY = YES_AGGRESSIVE;
				CLANG_WARN_UNREACHABLE_CODE = YES;
				CLANG_WARN__DUPLICATE_METHOD_MATCH = YES;
				COPY_PHASE_STRIP = NO;
				DEBUG_INFORMATION_FORMAT = dwarf;
				ENABLE_STRICT_OBJC_MSGSEND = YES;
				ENABLE_TESTABILITY = YES;
				GCC_C_LANGUAGE_STANDARD = gnu11;
				GCC_DYNAMIC_NO_PIC = NO;
				GCC_NO_COMMON_BLOCKS = YES;
				GCC_OPTIMIZATION_LEVEL = 0;
				GCC_PREPROCESSOR_DEFINITIONS = (
					"DEBUG=1",
					"$(inherited)",
				);
				GCC_WARN_64_TO_32_BIT_CONVERSION = YES;
				GCC_WARN_ABOUT_RETURN_TYPE = YES_ERROR;
				GCC_WARN_UNDECLARED_SELECTOR = YES;
				GCC_WARN_UNINITIALIZED_AUTOS = YES_AGGRESSIVE;
				GCC_WARN_UNUSED_FUNCTION = YES;
				GCC_WARN_UNUSED_VARIABLE = YES;
				IPHONEOS_DEPLOYMENT_TARGET = 16.2;
				MTL_ENABLE_DEBUG_INFO = INCLUDE_SOURCE;
				MTL_FAST_MATH = YES;
				ONLY_ACTIVE_ARCH = YES;
				SDKROOT = iphoneos;
				SWIFT_ACTIVE_COMPILATION_CONDITIONS = DEBUG;
				SWIFT_OPTIMIZATION_LEVEL = "-Onone";
			};
			name = Debug;
		};
		044EB63429D2AF7100B13C09 /* Release */ = {
			isa = XCBuildConfiguration;
			buildSettings = {
				ALWAYS_SEARCH_USER_PATHS = NO;
				CLANG_ANALYZER_NONNULL = YES;
				CLANG_ANALYZER_NUMBER_OBJECT_CONVERSION = YES_AGGRESSIVE;
				CLANG_CXX_LANGUAGE_STANDARD = "gnu++20";
				CLANG_ENABLE_MODULES = YES;
				CLANG_ENABLE_OBJC_ARC = YES;
				CLANG_ENABLE_OBJC_WEAK = YES;
				CLANG_WARN_BLOCK_CAPTURE_AUTORELEASING = YES;
				CLANG_WARN_BOOL_CONVERSION = YES;
				CLANG_WARN_COMMA = YES;
				CLANG_WARN_CONSTANT_CONVERSION = YES;
				CLANG_WARN_DEPRECATED_OBJC_IMPLEMENTATIONS = YES;
				CLANG_WARN_DIRECT_OBJC_ISA_USAGE = YES_ERROR;
				CLANG_WARN_DOCUMENTATION_COMMENTS = YES;
				CLANG_WARN_EMPTY_BODY = YES;
				CLANG_WARN_ENUM_CONVERSION = YES;
				CLANG_WARN_INFINITE_RECURSION = YES;
				CLANG_WARN_INT_CONVERSION = YES;
				CLANG_WARN_NON_LITERAL_NULL_CONVERSION = YES;
				CLANG_WARN_OBJC_IMPLICIT_RETAIN_SELF = YES;
				CLANG_WARN_OBJC_LITERAL_CONVERSION = YES;
				CLANG_WARN_OBJC_ROOT_CLASS = YES_ERROR;
				CLANG_WARN_QUOTED_INCLUDE_IN_FRAMEWORK_HEADER = YES;
				CLANG_WARN_RANGE_LOOP_ANALYSIS = YES;
				CLANG_WARN_STRICT_PROTOTYPES = YES;
				CLANG_WARN_SUSPICIOUS_MOVE = YES;
				CLANG_WARN_UNGUARDED_AVAILABILITY = YES_AGGRESSIVE;
				CLANG_WARN_UNREACHABLE_CODE = YES;
				CLANG_WARN__DUPLICATE_METHOD_MATCH = YES;
				COPY_PHASE_STRIP = NO;
				DEBUG_INFORMATION_FORMAT = "dwarf-with-dsym";
				ENABLE_NS_ASSERTIONS = NO;
				ENABLE_STRICT_OBJC_MSGSEND = YES;
				GCC_C_LANGUAGE_STANDARD = gnu11;
				GCC_NO_COMMON_BLOCKS = YES;
				GCC_WARN_64_TO_32_BIT_CONVERSION = YES;
				GCC_WARN_ABOUT_RETURN_TYPE = YES_ERROR;
				GCC_WARN_UNDECLARED_SELECTOR = YES;
				GCC_WARN_UNINITIALIZED_AUTOS = YES_AGGRESSIVE;
				GCC_WARN_UNUSED_FUNCTION = YES;
				GCC_WARN_UNUSED_VARIABLE = YES;
				IPHONEOS_DEPLOYMENT_TARGET = 16.2;
				MTL_ENABLE_DEBUG_INFO = NO;
				MTL_FAST_MATH = YES;
				SDKROOT = iphoneos;
				SWIFT_COMPILATION_MODE = wholemodule;
				SWIFT_OPTIMIZATION_LEVEL = "-O";
				VALIDATE_PRODUCT = YES;
			};
			name = Release;
		};
		044EB63629D2AF7100B13C09 /* Debug */ = {
			isa = XCBuildConfiguration;
			buildSettings = {
				ASSETCATALOG_COMPILER_APPICON_NAME = AppIcon;
				ASSETCATALOG_COMPILER_GLOBAL_ACCENT_COLOR_NAME = AccentColor;
				CODE_SIGN_STYLE = Automatic;
				CURRENT_PROJECT_VERSION = 1;
				GENERATE_INFOPLIST_FILE = YES;
				INFOPLIST_FILE = localNotificationDemo/Info.plist;
				INFOPLIST_KEY_UIApplicationSupportsIndirectInputEvents = YES;
				INFOPLIST_KEY_UILaunchStoryboardName = LaunchScreen;
				INFOPLIST_KEY_UIMainStoryboardFile = Main;
				INFOPLIST_KEY_UISupportedInterfaceOrientations_iPad = "UIInterfaceOrientationPortrait UIInterfaceOrientationPortraitUpsideDown UIInterfaceOrientationLandscapeLeft UIInterfaceOrientationLandscapeRight";
				INFOPLIST_KEY_UISupportedInterfaceOrientations_iPhone = "UIInterfaceOrientationPortrait UIInterfaceOrientationLandscapeLeft UIInterfaceOrientationLandscapeRight";
				LD_RUNPATH_SEARCH_PATHS = (
					"$(inherited)",
					"@executable_path/Frameworks",
				);
				MARKETING_VERSION = 1.0;
				PRODUCT_BUNDLE_IDENTIFIER = com.test.localNotificationDemo;
				PRODUCT_NAME = "$(TARGET_NAME)";
				SWIFT_EMIT_LOC_STRINGS = YES;
				SWIFT_VERSION = 5.0;
				TARGETED_DEVICE_FAMILY = "1,2";
			};
			name = Debug;
		};
		044EB63729D2AF7100B13C09 /* Release */ = {
			isa = XCBuildConfiguration;
			buildSettings = {
				ASSETCATALOG_COMPILER_APPICON_NAME = AppIcon;
				ASSETCATALOG_COMPILER_GLOBAL_ACCENT_COLOR_NAME = AccentColor;
				CODE_SIGN_STYLE = Automatic;
				CURRENT_PROJECT_VERSION = 1;
				GENERATE_INFOPLIST_FILE = YES;
				INFOPLIST_FILE = localNotificationDemo/Info.plist;
				INFOPLIST_KEY_UIApplicationSupportsIndirectInputEvents = YES;
				INFOPLIST_KEY_UILaunchStoryboardName = LaunchScreen;
				INFOPLIST_KEY_UIMainStoryboardFile = Main;
				INFOPLIST_KEY_UISupportedInterfaceOrientations_iPad = "UIInterfaceOrientationPortrait UIInterfaceOrientationPortraitUpsideDown UIInterfaceOrientationLandscapeLeft UIInterfaceOrientationLandscapeRight";
				INFOPLIST_KEY_UISupportedInterfaceOrientations_iPhone = "UIInterfaceOrientationPortrait UIInterfaceOrientationLandscapeLeft UIInterfaceOrientationLandscapeRight";
				LD_RUNPATH_SEARCH_PATHS = (
					"$(inherited)",
					"@executable_path/Frameworks",
				);
				MARKETING_VERSION = 1.0;
				PRODUCT_BUNDLE_IDENTIFIER = com.test.localNotificationDemo;
				PRODUCT_NAME = "$(TARGET_NAME)";
				SWIFT_EMIT_LOC_STRINGS = YES;
				SWIFT_VERSION = 5.0;
				TARGETED_DEVICE_FAMILY = "1,2";
			};
			name = Release;
		};
		044EB63929D2AF7100B13C09 /* Debug */ = {
			isa = XCBuildConfiguration;
			buildSettings = {
				ALWAYS_EMBED_SWIFT_STANDARD_LIBRARIES = YES;
				BUNDLE_LOADER = "$(TEST_HOST)";
				CODE_SIGN_STYLE = Automatic;
				CURRENT_PROJECT_VERSION = 1;
				GENERATE_INFOPLIST_FILE = YES;
				IPHONEOS_DEPLOYMENT_TARGET = 16.2;
				MARKETING_VERSION = 1.0;
				PRODUCT_BUNDLE_IDENTIFIER = com.test.localNotificationDemoTests;
				PRODUCT_NAME = "$(TARGET_NAME)";
				SWIFT_EMIT_LOC_STRINGS = NO;
				SWIFT_VERSION = 5.0;
				TARGETED_DEVICE_FAMILY = "1,2";
				TEST_HOST = "$(BUILT_PRODUCTS_DIR)/localNotificationDemo.app/$(BUNDLE_EXECUTABLE_FOLDER_PATH)/localNotificationDemo";
			};
			name = Debug;
		};
		044EB63A29D2AF7100B13C09 /* Release */ = {
			isa = XCBuildConfiguration;
			buildSettings = {
				ALWAYS_EMBED_SWIFT_STANDARD_LIBRARIES = YES;
				BUNDLE_LOADER = "$(TEST_HOST)";
				CODE_SIGN_STYLE = Automatic;
				CURRENT_PROJECT_VERSION = 1;
				GENERATE_INFOPLIST_FILE = YES;
				IPHONEOS_DEPLOYMENT_TARGET = 16.2;
				MARKETING_VERSION = 1.0;
				PRODUCT_BUNDLE_IDENTIFIER = com.test.localNotificationDemoTests;
				PRODUCT_NAME = "$(TARGET_NAME)";
				SWIFT_EMIT_LOC_STRINGS = NO;
				SWIFT_VERSION = 5.0;
				TARGETED_DEVICE_FAMILY = "1,2";
				TEST_HOST = "$(BUILT_PRODUCTS_DIR)/localNotificationDemo.app/$(BUNDLE_EXECUTABLE_FOLDER_PATH)/localNotificationDemo";
			};
			name = Release;
		};
		044EB63C29D2AF7100B13C09 /* Debug */ = {
			isa = XCBuildConfiguration;
			buildSettings = {
				ALWAYS_EMBED_SWIFT_STANDARD_LIBRARIES = YES;
				CODE_SIGN_STYLE = Automatic;
				CURRENT_PROJECT_VERSION = 1;
				GENERATE_INFOPLIST_FILE = YES;
				MARKETING_VERSION = 1.0;
				PRODUCT_BUNDLE_IDENTIFIER = com.test.localNotificationDemoUITests;
				PRODUCT_NAME = "$(TARGET_NAME)";
				SWIFT_EMIT_LOC_STRINGS = NO;
				SWIFT_VERSION = 5.0;
				TARGETED_DEVICE_FAMILY = "1,2";
				TEST_TARGET_NAME = localNotificationDemo;
			};
			name = Debug;
		};
		044EB63D29D2AF7100B13C09 /* Release */ = {
			isa = XCBuildConfiguration;
			buildSettings = {
				ALWAYS_EMBED_SWIFT_STANDARD_LIBRARIES = YES;
				CODE_SIGN_STYLE = Automatic;
				CURRENT_PROJECT_VERSION = 1;
				GENERATE_INFOPLIST_FILE = YES;
				MARKETING_VERSION = 1.0;
				PRODUCT_BUNDLE_IDENTIFIER = com.test.localNotificationDemoUITests;
				PRODUCT_NAME = "$(TARGET_NAME)";
				SWIFT_EMIT_LOC_STRINGS = NO;
				SWIFT_VERSION = 5.0;
				TARGETED_DEVICE_FAMILY = "1,2";
				TEST_TARGET_NAME = localNotificationDemo;
			};
			name = Release;
		};
/* End XCBuildConfiguration section */

/* Begin XCConfigurationList section */
		044EB60629D2AF6800B13C09 /* Build configuration list for PBXProject "localNotificationDemo" */ = {
			isa = XCConfigurationList;
			buildConfigurations = (
				044EB63329D2AF7100B13C09 /* Debug */,
				044EB63429D2AF7100B13C09 /* Release */,
			);
			defaultConfigurationIsVisible = 0;
			defaultConfigurationName = Release;
		};
		044EB63529D2AF7100B13C09 /* Build configuration list for PBXNativeTarget "localNotificationDemo" */ = {
			isa = XCConfigurationList;
			buildConfigurations = (
				044EB63629D2AF7100B13C09 /* Debug */,
				044EB63729D2AF7100B13C09 /* Release */,
			);
			defaultConfigurationIsVisible = 0;
			defaultConfigurationName = Release;
		};
		044EB63829D2AF7100B13C09 /* Build configuration list for PBXNativeTarget "localNotificationDemoTests" */ = {
			isa = XCConfigurationList;
			buildConfigurations = (
				044EB63929D2AF7100B13C09 /* Debug */,
				044EB63A29D2AF7100B13C09 /* Release */,
			);
			defaultConfigurationIsVisible = 0;
			defaultConfigurationName = Release;
		};
		044EB63B29D2AF7100B13C09 /* Build configuration list for PBXNativeTarget "localNotificationDemoUITests" */ = {
			isa = XCConfigurationList;
			buildConfigurations = (
				044EB63C29D2AF7100B13C09 /* Debug */,
				044EB63D29D2AF7100B13C09 /* Release */,
			);
			defaultConfigurationIsVisible = 0;
			defaultConfigurationName = Release;
		};
/* End XCConfigurationList section */
	};
	rootObject = 044EB60329D2AF6800B13C09 /* Project object */;
}
